// !$*UTF8*$!
{
	archiveVersion = 1;
	classes = {
	};
	objectVersion = 56;
	objects = {

/* Begin PBXBuildFile section */
		67A066712DED1844005A8BFF /* StoryCollectionViewCell.swift in Sources */ = {isa = PBXBuildFile; fileRef = 67A066702DED1844005A8BFF /* StoryCollectionViewCell.swift */; };
		67A066732DED1866005A8BFF /* PostTableViewCell.swift in Sources */ = {isa = PBXBuildFile; fileRef = 67A066722DED1866005A8BFF /* PostTableViewCell.swift */; };
		67B62A6C2DEFD1AB00D18D09 /* PostModel.swift in Sources */ = {isa = PBXBuildFile; fileRef = 67B62A6B2DEFD1AB00D18D09 /* PostModel.swift */; };
		67B62A6E2DEFD1CD00D18D09 /* StoryModel.swift in Sources */ = {isa = PBXBuildFile; fileRef = 67B62A6D2DEFD1CD00D18D09 /* StoryModel.swift */; };
		67C3C5192DECB8FE0029C630 /* AppDelegate.swift in Sources */ = {isa = PBXBuildFile; fileRef = 67C3C5182DECB8FE0029C630 /* AppDelegate.swift */; };
		67C3C51B2DECB8FE0029C630 /* SceneDelegate.swift in Sources */ = {isa = PBXBuildFile; fileRef = 67C3C51A2DECB8FE0029C630 /* SceneDelegate.swift */; };
		67C3C51D2DECB8FE0029C630 /* ViewController.swift in Sources */ = {isa = PBXBuildFile; fileRef = 67C3C51C2DECB8FE0029C630 /* ViewController.swift */; };
		67C3C5202DECB8FE0029C630 /* Base in Resources */ = {isa = PBXBuildFile; fileRef = 67C3C51F2DECB8FE0029C630 /* Base */; };
		67C3C5222DECB9000029C630 /* Assets.xcassets in Resources */ = {isa = PBXBuildFile; fileRef = 67C3C5212DECB9000029C630 /* Assets.xcassets */; };
		67C3C5252DECB9000029C630 /* Base in Resources */ = {isa = PBXBuildFile; fileRef = 67C3C5242DECB9000029C630 /* Base */; };
/* End PBXBuildFile section */

/* Begin PBXFileReference section */
		67A066702DED1844005A8BFF /* StoryCollectionViewCell.swift */ = {isa = PBXFileReference; lastKnownFileType = sourcecode.swift; path = StoryCollectionViewCell.swift; sourceTree = "<group>"; };
		67A066722DED1866005A8BFF /* PostTableViewCell.swift */ = {isa = PBXFileReference; lastKnownFileType = sourcecode.swift; path = PostTableViewCell.swift; sourceTree = "<group>"; };
		67B62A6B2DEFD1AB00D18D09 /* PostModel.swift */ = {isa = PBXFileReference; lastKnownFileType = sourcecode.swift; path = PostModel.swift; sourceTree = "<group>"; };
		67B62A6D2DEFD1CD00D18D09 /* StoryModel.swift */ = {isa = PBXFileReference; lastKnownFileType = sourcecode.swift; path = StoryModel.swift; sourceTree = "<group>"; };
		67C3C5152DECB8FE0029C630 /* social_media.app */ = {isa = PBXFileReference; explicitFileType = wrapper.application; includeInIndex = 0; path = social_media.app; sourceTree = BUILT_PRODUCTS_DIR; };
		67C3C5182DECB8FE0029C630 /* AppDelegate.swift */ = {isa = PBXFileReference; lastKnownFileType = sourcecode.swift; path = AppDelegate.swift; sourceTree = "<group>"; };
		67C3C51A2DECB8FE0029C630 /* SceneDelegate.swift */ = {isa = PBXFileReference; lastKnownFileType = sourcecode.swift; path = SceneDelegate.swift; sourceTree = "<group>"; };
		67C3C51C2DECB8FE0029C630 /* ViewController.swift */ = {isa = PBXFileReference; lastKnownFileType = sourcecode.swift; path = ViewController.swift; sourceTree = "<group>"; };
		67C3C51F2DECB8FE0029C630 /* Base */ = {isa = PBXFileReference; lastKnownFileType = file.storyboard; name = Base; path = Base.lproj/Main.storyboard; sourceTree = "<group>"; };
		67C3C5212DECB9000029C630 /* Assets.xcassets */ = {isa = PBXFileReference; lastKnownFileType = folder.assetcatalog; path = Assets.xcassets; sourceTree = "<group>"; };
		67C3C5242DECB9000029C630 /* Base */ = {isa = PBXFileReference; lastKnownFileType = file.storyboard; name = Base; path = Base.lproj/LaunchScreen.storyboard; sourceTree = "<group>"; };
		67C3C5262DECB9000029C630 /* Info.plist */ = {isa = PBXFileReference; lastKnownFileType = text.plist.xml; path = Info.plist; sourceTree = "<group>"; };
/* End PBXFileReference section */

/* Begin PBXFrameworksBuildPhase section */
		67C3C5122DECB8FE0029C630 /* Frameworks */ = {
			isa = PBXFrameworksBuildPhase;
			buildActionMask = 2147483647;
			files = (
			);
			runOnlyForDeploymentPostprocessing = 0;
		};
/* End PBXFrameworksBuildPhase section */

/* Begin PBXGroup section */
		67C3C50C2DECB8FE0029C630 = {
			isa = PBXGroup;
			children = (
				67C3C5172DECB8FE0029C630 /* social_media */,
				67C3C5162DECB8FE0029C630 /* Products */,
			);
			sourceTree = "<group>";
		};
		67C3C5162DECB8FE0029C630 /* Products */ = {
			isa = PBXGroup;
			children = (
				67C3C5152DECB8FE0029C630 /* social_media.app */,
			);
			name = Products;
			sourceTree = "<group>";
		};
		67C3C5172DECB8FE0029C630 /* social_media */ = {
			isa = PBXGroup;
			children = (
				67C3C5182DECB8FE0029C630 /* AppDelegate.swift */,
				67C3C51A2DECB8FE0029C630 /* SceneDelegate.swift */,
				67C3C51C2DECB8FE0029C630 /* ViewController.swift */,
				67C3C51E2DECB8FE0029C630 /* Main.storyboard */,
				67C3C5212DECB9000029C630 /* Assets.xcassets */,
				67C3C5232DECB9000029C630 /* LaunchScreen.storyboard */,
				67C3C5262DECB9000029C630 /* Info.plist */,
				67A066702DED1844005A8BFF /* StoryCollectionViewCell.swift */,
				67A066722DED1866005A8BFF /* PostTableViewCell.swift */,
				67B62A6B2DEFD1AB00D18D09 /* PostModel.swift */,
				67B62A6D2DEFD1CD00D18D09 /* StoryModel.swift */,
			);
			path = social_media;
			sourceTree = "<group>";
		};
/* End PBXGroup section */

/* Begin PBXNativeTarget section */
		67C3C5142DECB8FE0029C630 /* social_media */ = {
			isa = PBXNativeTarget;
			buildConfigurationList = 67C3C5292DECB9000029C630 /* Build configuration list for PBXNativeTarget "social_media" */;
			buildPhases = (
				67C3C5112DECB8FE0029C630 /* Sources */,
				67C3C5122DECB8FE0029C630 /* Frameworks */,
				67C3C5132DECB8FE0029C630 /* Resources */,
			);
			buildRules = (
			);
			dependencies = (
			);
			name = social_media;
			productName = social_media;
			productReference = 67C3C5152DECB8FE0029C630 /* social_media.app */;
			productType = "com.apple.product-type.application";
		};
/* End PBXNativeTarget section */

/* Begin PBXProject section */
		67C3C50D2DECB8FE0029C630 /* Project object */ = {
			isa = PBXProject;
			attributes = {
				BuildIndependentTargetsInParallel = 1;
				LastSwiftUpdateCheck = 1540;
				LastUpgradeCheck = 1540;
				TargetAttributes = {
					67C3C5142DECB8FE0029C630 = {
						CreatedOnToolsVersion = 15.4;
					};
				};
			};
			buildConfigurationList = 67C3C5102DECB8FE0029C630 /* Build configuration list for PBXProject "social_media" */;
			compatibilityVersion = "Xcode 14.0";
			developmentRegion = en;
			hasScannedForEncodings = 0;
			knownRegions = (
				en,
				Base,
			);
			mainGroup = 67C3C50C2DECB8FE0029C630;
			productRefGroup = 67C3C5162DECB8FE0029C630 /* Products */;
			projectDirPath = "";
			projectRoot = "";
			targets = (
				67C3C5142DECB8FE0029C630 /* social_media */,
			);
		};
/* End PBXProject section */

/* Begin PBXResourcesBuildPhase section */
		67C3C5132DECB8FE0029C630 /* Resources */ = {
			isa = PBXResourcesBuildPhase;
			buildActionMask = 2147483647;
			files = (
				67C3C5222DECB9000029C630 /* Assets.xcassets in Resources */,
				67C3C5252DECB9000029C630 /* Base in Resources */,
				67C3C5202DECB8FE0029C630 /* Base in Resources */,
			);
			runOnlyForDeploymentPostprocessing = 0;
		};
/* End PBXResourcesBuildPhase section */

/* Begin PBXSourcesBuildPhase section */
		67C3C5112DECB8FE0029C630 /* Sources */ = {
			isa = PBXSourcesBuildPhase;
			buildActionMask = 2147483647;
			files = (
				67A066732DED1866005A8BFF /* PostTableViewCell.swift in Sources */,
				67B62A6C2DEFD1AB00D18D09 /* PostModel.swift in Sources */,
				67C3C51D2DECB8FE0029C630 /* ViewController.swift in Sources */,
				67C3C5192DECB8FE0029C630 /* AppDelegate.swift in Sources */,
				67A066712DED1844005A8BFF /* StoryCollectionViewCell.swift in Sources */,
				67C3C51B2DECB8FE0029C630 /* SceneDelegate.swift in Sources */,
				67B62A6E2DEFD1CD00D18D09 /* StoryModel.swift in Sources */,
			);
			runOnlyForDeploymentPostprocessing = 0;
		};
/* End PBXSourcesBuildPhase section */

/* Begin PBXVariantGroup section */
		67C3C51E2DECB8FE0029C630 /* Main.storyboard */ = {
			isa = PBXVariantGroup;
			children = (
				67C3C51F2DECB8FE0029C630 /* Base */,
			);
			name = Main.storyboard;
			sourceTree = "<group>";
		};
		67C3C5232DECB9000029C630 /* LaunchScreen.storyboard */ = {
			isa = PBXVariantGroup;
			children = (
				67C3C5242DECB9000029C630 /* Base */,
			);
			name = LaunchScreen.storyboard;
			sourceTree = "<group>";
		};
/* End PBXVariantGroup section */

/* Begin XCBuildConfiguration section */
		67C3C5272DECB9000029C630 /* Debug */ = {
			isa = XCBuildConfiguration;
			buildSettings = {
				ALWAYS_SEARCH_USER_PATHS = NO;
				ASSETCATALOG_COMPILER_GENERATE_SWIFT_ASSET_SYMBOL_EXTENSIONS = YES;
				CLANG_ANALYZER_NONNULL = YES;
				CLANG_ANALYZER_NUMBER_OBJECT_CONVERSION = YES_AGGRESSIVE;
				CLANG_CXX_LANGUAGE_STANDARD = "gnu++20";
				CLANG_ENABLE_MODULES = YES;
				CLANG_ENABLE_OBJC_ARC = YES;
				CLANG_ENABLE_OBJC_WEAK = YES;
				CLANG_WARN_BLOCK_CAPTURE_AUTORELEASING = YES;
				CLANG_WARN_BOOL_CONVERSION = YES;
				CLANG_WARN_COMMA = YES;
				CLANG_WARN_CONSTANT_CONVERSION = YES;
				CLANG_WARN_DEPRECATED_OBJC_IMPLEMENTATIONS = YES;
				CLANG_WARN_DIRECT_OBJC_ISA_USAGE = YES_ERROR;
				CLANG_WARN_DOCUMENTATION_COMMENTS = YES;
				CLANG_WARN_EMPTY_BODY = YES;
				CLANG_WARN_ENUM_CONVERSION = YES;
				CLANG_WARN_INFINITE_RECURSION = YES;
				CLANG_WARN_INT_CONVERSION = YES;
				CLANG_WARN_NON_LITERAL_NULL_CONVERSION = YES;
				CLANG_WARN_OBJC_IMPLICIT_RETAIN_SELF = YES;
				CLANG_WARN_OBJC_LITERAL_CONVERSION = YES;
				CLANG_WARN_OBJC_ROOT_CLASS = YES_ERROR;
				CLANG_WARN_QUOTED_INCLUDE_IN_FRAMEWORK_HEADER = YES;
				CLANG_WARN_RANGE_LOOP_ANALYSIS = YES;
				CLANG_WARN_STRICT_PROTOTYPES = YES;
				CLANG_WARN_SUSPICIOUS_MOVE = YES;
				CLANG_WARN_UNGUARDED_AVAILABILITY = YES_AGGRESSIVE;
				CLANG_WARN_UNREACHABLE_CODE = YES;
				CLANG_WARN__DUPLICATE_METHOD_MATCH = YES;
				COPY_PHASE_STRIP = NO;
				DEBUG_INFORMATION_FORMAT = dwarf;
				ENABLE_STRICT_OBJC_MSGSEND = YES;
				ENABLE_TESTABILITY = YES;
				ENABLE_USER_SCRIPT_SANDBOXING = YES;
				GCC_C_LANGUAGE_STANDARD = gnu17;
				GCC_DYNAMIC_NO_PIC = NO;
				GCC_NO_COMMON_BLOCKS = YES;
				GCC_OPTIMIZATION_LEVEL = 0;
				GCC_PREPROCESSOR_DEFINITIONS = (
					"DEBUG=1",
					"$(inherited)",
				);
				GCC_WARN_64_TO_32_BIT_CONVERSION = YES;
				GCC_WARN_ABOUT_RETURN_TYPE = YES_ERROR;
				GCC_WARN_UNDECLARED_SELECTOR = YES;
				GCC_WARN_UNINITIALIZED_AUTOS = YES_AGGRESSIVE;
				GCC_WARN_UNUSED_FUNCTION = YES;
				GCC_WARN_UNUSED_VARIABLE = YES;
				IPHONEOS_DEPLOYMENT_TARGET = 17.5;
				LOCALIZATION_PREFERS_STRING_CATALOGS = YES;
				MTL_ENABLE_DEBUG_INFO = INCLUDE_SOURCE;
				MTL_FAST_MATH = YES;
				ONLY_ACTIVE_ARCH = YES;
				SDKROOT = iphoneos;
				SWIFT_ACTIVE_COMPILATION_CONDITIONS = "DEBUG $(inherited)";
				SWIFT_OPTIMIZATION_LEVEL = "-Onone";
			};
			name = Debug;
		};
		67C3C5282DECB9000029C630 /* Release */ = {
			isa = XCBuildConfiguration;
			buildSettings = {
				ALWAYS_SEARCH_USER_PATHS = NO;
				ASSETCATALOG_COMPILER_GENERATE_SWIFT_ASSET_SYMBOL_EXTENSIONS = YES;
				CLANG_ANALYZER_NONNULL = YES;
				CLANG_ANALYZER_NUMBER_OBJECT_CONVERSION = YES_AGGRESSIVE;
				CLANG_CXX_LANGUAGE_STANDARD = "gnu++20";
				CLANG_ENABLE_MODULES = YES;
				CLANG_ENABLE_OBJC_ARC = YES;
				CLANG_ENABLE_OBJC_WEAK = YES;
				CLANG_WARN_BLOCK_CAPTURE_AUTORELEASING = YES;
				CLANG_WARN_BOOL_CONVERSION = YES;
				CLANG_WARN_COMMA = YES;
				CLANG_WARN_CONSTANT_CONVERSION = YES;
				CLANG_WARN_DEPRECATED_OBJC_IMPLEMENTATIONS = YES;
				CLANG_WARN_DIRECT_OBJC_ISA_USAGE = YES_ERROR;
				CLANG_WARN_DOCUMENTATION_COMMENTS = YES;
				CLANG_WARN_EMPTY_BODY = YES;
				CLANG_WARN_ENUM_CONVERSION = YES;
				CLANG_WARN_INFINITE_RECURSION = YES;
				CLANG_WARN_INT_CONVERSION = YES;
				CLANG_WARN_NON_LITERAL_NULL_CONVERSION = YES;
				CLANG_WARN_OBJC_IMPLICIT_RETAIN_SELF = YES;
				CLANG_WARN_OBJC_LITERAL_CONVERSION = YES;
				CLANG_WARN_OBJC_ROOT_CLASS = YES_ERROR;
				CLANG_WARN_QUOTED_INCLUDE_IN_FRAMEWORK_HEADER = YES;
				CLANG_WARN_RANGE_LOOP_ANALYSIS = YES;
				CLANG_WARN_STRICT_PROTOTYPES = YES;
				CLANG_WARN_SUSPICIOUS_MOVE = YES;
				CLANG_WARN_UNGUARDED_AVAILABILITY = YES_AGGRESSIVE;
				CLANG_WARN_UNREACHABLE_CODE = YES;
				CLANG_WARN__DUPLICATE_METHOD_MATCH = YES;
				COPY_PHASE_STRIP = NO;
				DEBUG_INFORMATION_FORMAT = "dwarf-with-dsym";
				ENABLE_NS_ASSERTIONS = NO;
				ENABLE_STRICT_OBJC_MSGSEND = YES;
				ENABLE_USER_SCRIPT_SANDBOXING = YES;
				GCC_C_LANGUAGE_STANDARD = gnu17;
				GCC_NO_COMMON_BLOCKS = YES;
				GCC_WARN_64_TO_32_BIT_CONVERSION = YES;
				GCC_WARN_ABOUT_RETURN_TYPE = YES_ERROR;
				GCC_WARN_UNDECLARED_SELECTOR = YES;
				GCC_WARN_UNINITIALIZED_AUTOS = YES_AGGRESSIVE;
				GCC_WARN_UNUSED_FUNCTION = YES;
				GCC_WARN_UNUSED_VARIABLE = YES;
				IPHONEOS_DEPLOYMENT_TARGET = 17.5;
				LOCALIZATION_PREFERS_STRING_CATALOGS = YES;
				MTL_ENABLE_DEBUG_INFO = NO;
				MTL_FAST_MATH = YES;
				SDKROOT = iphoneos;
				SWIFT_COMPILATION_MODE = wholemodule;
				VALIDATE_PRODUCT = YES;
			};
			name = Release;
		};
		67C3C52A2DECB9000029C630 /* Debug */ = {
			isa = XCBuildConfiguration;
			buildSettings = {
				ASSETCATALOG_COMPILER_APPICON_NAME = AppIcon;
				ASSETCATALOG_COMPILER_GLOBAL_ACCENT_COLOR_NAME = AccentColor;
				CODE_SIGN_STYLE = Automatic;
				CURRENT_PROJECT_VERSION = 1;
				DEVELOPMENT_TEAM = KNGDLN4T32;
				GENERATE_INFOPLIST_FILE = YES;
				INFOPLIST_FILE = social_media/Info.plist;
				INFOPLIST_KEY_UIApplicationSupportsIndirectInputEvents = YES;
				INFOPLIST_KEY_UILaunchStoryboardName = LaunchScreen;
				INFOPLIST_KEY_UIMainStoryboardFile = Main;
				INFOPLIST_KEY_UISupportedInterfaceOrientations_iPad = "UIInterfaceOrientationPortrait UIInterfaceOrientationPortraitUpsideDown UIInterfaceOrientationLandscapeLeft UIInterfaceOrientationLandscapeRight";
				INFOPLIST_KEY_UISupportedInterfaceOrientations_iPhone = "UIInterfaceOrientationPortrait UIInterfaceOrientationLandscapeLeft UIInterfaceOrientationLandscapeRight";
				LD_RUNPATH_SEARCH_PATHS = (
					"$(inherited)",
					"@executable_path/Frameworks",
				);
				MARKETING_VERSION = 1.0;
				PRODUCT_BUNDLE_IDENTIFIER = "Test.social-media";
				PRODUCT_NAME = "$(TARGET_NAME)";
				SWIFT_EMIT_LOC_STRINGS = YES;
				SWIFT_VERSION = 5.0;
				TARGETED_DEVICE_FAMILY = "1,2";
			};
			name = Debug;
		};
		67C3C52B2DECB9000029C630 /* Release */ = {
			isa = XCBuildConfiguration;
			buildSettings = {
				ASSETCATALOG_COMPILER_APPICON_NAME = AppIcon;
				ASSETCATALOG_COMPILER_GLOBAL_ACCENT_COLOR_NAME = AccentColor;
				CODE_SIGN_STYLE = Automatic;
				CURRENT_PROJECT_VERSION = 1;
				DEVELOPMENT_TEAM = KNGDLN4T32;
				GENERATE_INFOPLIST_FILE = YES;
				INFOPLIST_FILE = social_media/Info.plist;
				INFOPLIST_KEY_UIApplicationSupportsIndirectInputEvents = YES;
				INFOPLIST_KEY_UILaunchStoryboardName = LaunchScreen;
				INFOPLIST_KEY_UIMainStoryboardFile = Main;
				INFOPLIST_KEY_UISupportedInterfaceOrientations_iPad = "UIInterfaceOrientationPortrait UIInterfaceOrientationPortraitUpsideDown UIInterfaceOrientationLandscapeLeft UIInterfaceOrientationLandscapeRight";
				INFOPLIST_KEY_UISupportedInterfaceOrientations_iPhone = "UIInterfaceOrientationPortrait UIInterfaceOrientationLandscapeLeft UIInterfaceOrientationLandscapeRight";
				LD_RUNPATH_SEARCH_PATHS = (
					"$(inherited)",
					"@executable_path/Frameworks",
				);
				MARKETING_VERSION = 1.0;
				PRODUCT_BUNDLE_IDENTIFIER = "Test.social-media";
				PRODUCT_NAME = "$(TARGET_NAME)";
				SWIFT_EMIT_LOC_STRINGS = YES;
				SWIFT_VERSION = 5.0;
				TARGETED_DEVICE_FAMILY = "1,2";
			};
			name = Release;
		};
/* End XCBuildConfiguration section */

/* Begin XCConfigurationList section */
		67C3C5102DECB8FE0029C630 /* Build configuration list for PBXProject "social_media" */ = {
			isa = XCConfigurationList;
			buildConfigurations = (
				67C3C5272DECB9000029C630 /* Debug */,
				67C3C5282DECB9000029C630 /* Release */,
			);
			defaultConfigurationIsVisible = 0;
			defaultConfigurationName = Release;
		};
		67C3C5292DECB9000029C630 /* Build configuration list for PBXNativeTarget "social_media" */ = {
			isa = XCConfigurationList;
			buildConfigurations = (
				67C3C52A2DECB9000029C630 /* Debug */,
				67C3C52B2DECB9000029C630 /* Release */,
			);
			defaultConfigurationIsVisible = 0;
			defaultConfigurationName = Release;
		};
/* End XCConfigurationList section */
	};
	rootObject = 67C3C50D2DECB8FE0029C630 /* Project object */;
}
